// !$*UTF8*$!
{
	archiveVersion = 1;
	classes = {
	};
	objectVersion = 50;
	objects = {

/* Begin PBXBuildFile section */
		55843E7020C8124D00B50751 /* AppDelegate.swift in Sources */ = {isa = PBXBuildFile; fileRef = 55843E6F20C8124D00B50751 /* AppDelegate.swift */; };
		55843E7220C8124D00B50751 /* ViewController.swift in Sources */ = {isa = PBXBuildFile; fileRef = 55843E7120C8124D00B50751 /* ViewController.swift */; };
		55843E7520C8124D00B50751 /* Main.storyboard in Resources */ = {isa = PBXBuildFile; fileRef = 55843E7320C8124D00B50751 /* Main.storyboard */; };
		55843E7720C8124E00B50751 /* Assets.xcassets in Resources */ = {isa = PBXBuildFile; fileRef = 55843E7620C8124E00B50751 /* Assets.xcassets */; };
		55843E7A20C8124E00B50751 /* LaunchScreen.storyboard in Resources */ = {isa = PBXBuildFile; fileRef = 55843E7820C8124E00B50751 /* LaunchScreen.storyboard */; };
		55843E8520C8124F00B50751 /* testTests.swift in Sources */ = {isa = PBXBuildFile; fileRef = 55843E8420C8124F00B50751 /* testTests.swift */; };
		55843E9020C8124F00B50751 /* testUITests.swift in Sources */ = {isa = PBXBuildFile; fileRef = 55843E8F20C8124F00B50751 /* testUITests.swift */; };
		55843E9E20C826CE00B50751 /* PersonsJSON.json in Resources */ = {isa = PBXBuildFile; fileRef = 55843E9D20C826CE00B50751 /* PersonsJSON.json */; };
		55843EA020C8272F00B50751 /* Person.swift in Sources */ = {isa = PBXBuildFile; fileRef = 55843E9F20C8272F00B50751 /* Person.swift */; };
		55843EA120C9442D00B50751 /* ViewController.swift in Sources */ = {isa = PBXBuildFile; fileRef = 55843E7120C8124D00B50751 /* ViewController.swift */; };
		55843EA220C9442E00B50751 /* ViewController.swift in Sources */ = {isa = PBXBuildFile; fileRef = 55843E7120C8124D00B50751 /* ViewController.swift */; };
		55843EA320C9478B00B50751 /* Person.swift in Sources */ = {isa = PBXBuildFile; fileRef = 55843E9F20C8272F00B50751 /* Person.swift */; };
		55843EA420C9478D00B50751 /* Person.swift in Sources */ = {isa = PBXBuildFile; fileRef = 55843E9F20C8272F00B50751 /* Person.swift */; };
		55843EA520C947E900B50751 /* Main.storyboard in Resources */ = {isa = PBXBuildFile; fileRef = 55843E7320C8124D00B50751 /* Main.storyboard */; };
		55843EA620C947E900B50751 /* Main.storyboard in Resources */ = {isa = PBXBuildFile; fileRef = 55843E7320C8124D00B50751 /* Main.storyboard */; };
		55843EA720C9484100B50751 /* AppDelegate.swift in Sources */ = {isa = PBXBuildFile; fileRef = 55843E6F20C8124D00B50751 /* AppDelegate.swift */; };
		55843EA820C9484200B50751 /* AppDelegate.swift in Sources */ = {isa = PBXBuildFile; fileRef = 55843E6F20C8124D00B50751 /* AppDelegate.swift */; };
/* End PBXBuildFile section */

/* Begin PBXContainerItemProxy section */
		55843E8120C8124F00B50751 /* PBXContainerItemProxy */ = {
			isa = PBXContainerItemProxy;
			containerPortal = 55843E6420C8124D00B50751 /* Project object */;
			proxyType = 1;
			remoteGlobalIDString = 55843E6B20C8124D00B50751;
			remoteInfo = test;
		};
		55843E8C20C8124F00B50751 /* PBXContainerItemProxy */ = {
			isa = PBXContainerItemProxy;
			containerPortal = 55843E6420C8124D00B50751 /* Project object */;
			proxyType = 1;
			remoteGlobalIDString = 55843E6B20C8124D00B50751;
			remoteInfo = test;
		};
/* End PBXContainerItemProxy section */

/* Begin PBXFileReference section */
		55843E6C20C8124D00B50751 /* test.app */ = {isa = PBXFileReference; explicitFileType = wrapper.application; includeInIndex = 0; path = test.app; sourceTree = BUILT_PRODUCTS_DIR; };
		55843E6F20C8124D00B50751 /* AppDelegate.swift */ = {isa = PBXFileReference; lastKnownFileType = sourcecode.swift; path = AppDelegate.swift; sourceTree = "<group>"; };
		55843E7120C8124D00B50751 /* ViewController.swift */ = {isa = PBXFileReference; lastKnownFileType = sourcecode.swift; path = ViewController.swift; sourceTree = "<group>"; };
		55843E7420C8124D00B50751 /* Base */ = {isa = PBXFileReference; lastKnownFileType = file.storyboard; name = Base; path = Base.lproj/Main.storyboard; sourceTree = "<group>"; };
		55843E7620C8124E00B50751 /* Assets.xcassets */ = {isa = PBXFileReference; lastKnownFileType = folder.assetcatalog; path = Assets.xcassets; sourceTree = "<group>"; };
		55843E7920C8124E00B50751 /* Base */ = {isa = PBXFileReference; lastKnownFileType = file.storyboard; name = Base; path = Base.lproj/LaunchScreen.storyboard; sourceTree = "<group>"; };
		55843E7B20C8124F00B50751 /* Info.plist */ = {isa = PBXFileReference; lastKnownFileType = text.plist.xml; path = Info.plist; sourceTree = "<group>"; };
		55843E8020C8124F00B50751 /* testTests.xctest */ = {isa = PBXFileReference; explicitFileType = wrapper.cfbundle; includeInIndex = 0; path = testTests.xctest; sourceTree = BUILT_PRODUCTS_DIR; };
		55843E8420C8124F00B50751 /* testTests.swift */ = {isa = PBXFileReference; lastKnownFileType = sourcecode.swift; path = testTests.swift; sourceTree = "<group>"; };
		55843E8620C8124F00B50751 /* Info.plist */ = {isa = PBXFileReference; lastKnownFileType = text.plist.xml; path = Info.plist; sourceTree = "<group>"; };
		55843E8B20C8124F00B50751 /* testUITests.xctest */ = {isa = PBXFileReference; explicitFileType = wrapper.cfbundle; includeInIndex = 0; path = testUITests.xctest; sourceTree = BUILT_PRODUCTS_DIR; };
		55843E8F20C8124F00B50751 /* testUITests.swift */ = {isa = PBXFileReference; lastKnownFileType = sourcecode.swift; path = testUITests.swift; sourceTree = "<group>"; };
		55843E9120C8124F00B50751 /* Info.plist */ = {isa = PBXFileReference; lastKnownFileType = text.plist.xml; path = Info.plist; sourceTree = "<group>"; };
		55843E9D20C826CE00B50751 /* PersonsJSON.json */ = {isa = PBXFileReference; lastKnownFileType = text.json; path = PersonsJSON.json; sourceTree = "<group>"; };
		55843E9F20C8272F00B50751 /* Person.swift */ = {isa = PBXFileReference; lastKnownFileType = sourcecode.swift; path = Person.swift; sourceTree = "<group>"; };
/* End PBXFileReference section */

/* Begin PBXFrameworksBuildPhase section */
		55843E6920C8124D00B50751 /* Frameworks */ = {
			isa = PBXFrameworksBuildPhase;
			buildActionMask = 2147483647;
			files = (
			);
			runOnlyForDeploymentPostprocessing = 0;
		};
		55843E7D20C8124F00B50751 /* Frameworks */ = {
			isa = PBXFrameworksBuildPhase;
			buildActionMask = 2147483647;
			files = (
			);
			runOnlyForDeploymentPostprocessing = 0;
		};
		55843E8820C8124F00B50751 /* Frameworks */ = {
			isa = PBXFrameworksBuildPhase;
			buildActionMask = 2147483647;
			files = (
			);
			runOnlyForDeploymentPostprocessing = 0;
		};
/* End PBXFrameworksBuildPhase section */

/* Begin PBXGroup section */
		55843E6320C8124D00B50751 = {
			isa = PBXGroup;
			children = (
				55843E6E20C8124D00B50751 /* test */,
				55843E8320C8124F00B50751 /* testTests */,
				55843E8E20C8124F00B50751 /* testUITests */,
				55843E6D20C8124D00B50751 /* Products */,
			);
			sourceTree = "<group>";
		};
		55843E6D20C8124D00B50751 /* Products */ = {
			isa = PBXGroup;
			children = (
				55843E6C20C8124D00B50751 /* test.app */,
				55843E8020C8124F00B50751 /* testTests.xctest */,
				55843E8B20C8124F00B50751 /* testUITests.xctest */,
			);
			name = Products;
			sourceTree = "<group>";
		};
		55843E6E20C8124D00B50751 /* test */ = {
			isa = PBXGroup;
			children = (
				55843E6F20C8124D00B50751 /* AppDelegate.swift */,
				55843E7120C8124D00B50751 /* ViewController.swift */,
				55843E7320C8124D00B50751 /* Main.storyboard */,
				55843E7620C8124E00B50751 /* Assets.xcassets */,
				55843E7820C8124E00B50751 /* LaunchScreen.storyboard */,
				55843E7B20C8124F00B50751 /* Info.plist */,
				55843E9D20C826CE00B50751 /* PersonsJSON.json */,
				55843E9F20C8272F00B50751 /* Person.swift */,
			);
			path = test;
			sourceTree = "<group>";
		};
		55843E8320C8124F00B50751 /* testTests */ = {
			isa = PBXGroup;
			children = (
				55843E8420C8124F00B50751 /* testTests.swift */,
				55843E8620C8124F00B50751 /* Info.plist */,
			);
			path = testTests;
			sourceTree = "<group>";
		};
		55843E8E20C8124F00B50751 /* testUITests */ = {
			isa = PBXGroup;
			children = (
				55843E8F20C8124F00B50751 /* testUITests.swift */,
				55843E9120C8124F00B50751 /* Info.plist */,
			);
			path = testUITests;
			sourceTree = "<group>";
		};
/* End PBXGroup section */

/* Begin PBXNativeTarget section */
		55843E6B20C8124D00B50751 /* test */ = {
			isa = PBXNativeTarget;
			buildConfigurationList = 55843E9420C8124F00B50751 /* Build configuration list for PBXNativeTarget "test" */;
			buildPhases = (
				55843E6820C8124D00B50751 /* Sources */,
				55843E6920C8124D00B50751 /* Frameworks */,
				55843E6A20C8124D00B50751 /* Resources */,
			);
			buildRules = (
			);
			dependencies = (
			);
			name = test;
			productName = test;
			productReference = 55843E6C20C8124D00B50751 /* test.app */;
			productType = "com.apple.product-type.application";
		};
		55843E7F20C8124F00B50751 /* testTests */ = {
			isa = PBXNativeTarget;
			buildConfigurationList = 55843E9720C8124F00B50751 /* Build configuration list for PBXNativeTarget "testTests" */;
			buildPhases = (
				55843E7C20C8124F00B50751 /* Sources */,
				55843E7D20C8124F00B50751 /* Frameworks */,
				55843E7E20C8124F00B50751 /* Resources */,
			);
			buildRules = (
			);
			dependencies = (
				55843E8220C8124F00B50751 /* PBXTargetDependency */,
			);
			name = testTests;
			productName = testTests;
			productReference = 55843E8020C8124F00B50751 /* testTests.xctest */;
			productType = "com.apple.product-type.bundle.unit-test";
		};
		55843E8A20C8124F00B50751 /* testUITests */ = {
			isa = PBXNativeTarget;
			buildConfigurationList = 55843E9A20C8124F00B50751 /* Build configuration list for PBXNativeTarget "testUITests" */;
			buildPhases = (
				55843E8720C8124F00B50751 /* Sources */,
				55843E8820C8124F00B50751 /* Frameworks */,
				55843E8920C8124F00B50751 /* Resources */,
			);
			buildRules = (
			);
			dependencies = (
				55843E8D20C8124F00B50751 /* PBXTargetDependency */,
			);
			name = testUITests;
			productName = testUITests;
			productReference = 55843E8B20C8124F00B50751 /* testUITests.xctest */;
			productType = "com.apple.product-type.bundle.ui-testing";
		};
/* End PBXNativeTarget section */

/* Begin PBXProject section */
		55843E6420C8124D00B50751 /* Project object */ = {
			isa = PBXProject;
			attributes = {
				LastSwiftUpdateCheck = 0940;
				LastUpgradeCheck = 0940;
				ORGANIZATIONNAME = "Bambang Oetomo, Jairo (NL - Amsterdam)";
				TargetAttributes = {
					55843E6B20C8124D00B50751 = {
						CreatedOnToolsVersion = 9.4;
					};
					55843E7F20C8124F00B50751 = {
						CreatedOnToolsVersion = 9.4;
						TestTargetID = 55843E6B20C8124D00B50751;
					};
					55843E8A20C8124F00B50751 = {
						CreatedOnToolsVersion = 9.4;
						TestTargetID = 55843E6B20C8124D00B50751;
					};
				};
			};
			buildConfigurationList = 55843E6720C8124D00B50751 /* Build configuration list for PBXProject "test" */;
			compatibilityVersion = "Xcode 9.3";
			developmentRegion = en;
			hasScannedForEncodings = 0;
			knownRegions = (
				en,
				Base,
			);
			mainGroup = 55843E6320C8124D00B50751;
			productRefGroup = 55843E6D20C8124D00B50751 /* Products */;
			projectDirPath = "";
			projectRoot = "";
			targets = (
				55843E6B20C8124D00B50751 /* test */,
				55843E7F20C8124F00B50751 /* testTests */,
				55843E8A20C8124F00B50751 /* testUITests */,
			);
		};
/* End PBXProject section */

/* Begin PBXResourcesBuildPhase section */
		55843E6A20C8124D00B50751 /* Resources */ = {
			isa = PBXResourcesBuildPhase;
			buildActionMask = 2147483647;
			files = (
				55843E7A20C8124E00B50751 /* LaunchScreen.storyboard in Resources */,
				55843E9E20C826CE00B50751 /* PersonsJSON.json in Resources */,
				55843E7720C8124E00B50751 /* Assets.xcassets in Resources */,
				55843E7520C8124D00B50751 /* Main.storyboard in Resources */,
			);
			runOnlyForDeploymentPostprocessing = 0;
		};
		55843E7E20C8124F00B50751 /* Resources */ = {
			isa = PBXResourcesBuildPhase;
			buildActionMask = 2147483647;
			files = (
				55843EA520C947E900B50751 /* Main.storyboard in Resources */,
			);
			runOnlyForDeploymentPostprocessing = 0;
		};
		55843E8920C8124F00B50751 /* Resources */ = {
			isa = PBXResourcesBuildPhase;
			buildActionMask = 2147483647;
			files = (
				55843EA620C947E900B50751 /* Main.storyboard in Resources */,
			);
			runOnlyForDeploymentPostprocessing = 0;
		};
/* End PBXResourcesBuildPhase section */

/* Begin PBXSourcesBuildPhase section */
		55843E6820C8124D00B50751 /* Sources */ = {
			isa = PBXSourcesBuildPhase;
			buildActionMask = 2147483647;
			files = (
				55843EA020C8272F00B50751 /* Person.swift in Sources */,
				55843E7220C8124D00B50751 /* ViewController.swift in Sources */,
				55843E7020C8124D00B50751 /* AppDelegate.swift in Sources */,
			);
			runOnlyForDeploymentPostprocessing = 0;
		};
		55843E7C20C8124F00B50751 /* Sources */ = {
			isa = PBXSourcesBuildPhase;
			buildActionMask = 2147483647;
			files = (
				55843EA720C9484100B50751 /* AppDelegate.swift in Sources */,
				55843EA320C9478B00B50751 /* Person.swift in Sources */,
				55843EA120C9442D00B50751 /* ViewController.swift in Sources */,
				55843E8520C8124F00B50751 /* testTests.swift in Sources */,
			);
			runOnlyForDeploymentPostprocessing = 0;
		};
		55843E8720C8124F00B50751 /* Sources */ = {
			isa = PBXSourcesBuildPhase;
			buildActionMask = 2147483647;
			files = (
				55843EA820C9484200B50751 /* AppDelegate.swift in Sources */,
				55843EA420C9478D00B50751 /* Person.swift in Sources */,
				55843EA220C9442E00B50751 /* ViewController.swift in Sources */,
				55843E9020C8124F00B50751 /* testUITests.swift in Sources */,
			);
			runOnlyForDeploymentPostprocessing = 0;
		};
/* End PBXSourcesBuildPhase section */

/* Begin PBXTargetDependency section */
		55843E8220C8124F00B50751 /* PBXTargetDependency */ = {
			isa = PBXTargetDependency;
			target = 55843E6B20C8124D00B50751 /* test */;
			targetProxy = 55843E8120C8124F00B50751 /* PBXContainerItemProxy */;
		};
		55843E8D20C8124F00B50751 /* PBXTargetDependency */ = {
			isa = PBXTargetDependency;
			target = 55843E6B20C8124D00B50751 /* test */;
			targetProxy = 55843E8C20C8124F00B50751 /* PBXContainerItemProxy */;
		};
/* End PBXTargetDependency section */

/* Begin PBXVariantGroup section */
		55843E7320C8124D00B50751 /* Main.storyboard */ = {
			isa = PBXVariantGroup;
			children = (
				55843E7420C8124D00B50751 /* Base */,
			);
			name = Main.storyboard;
			sourceTree = "<group>";
		};
		55843E7820C8124E00B50751 /* LaunchScreen.storyboard */ = {
			isa = PBXVariantGroup;
			children = (
				55843E7920C8124E00B50751 /* Base */,
			);
			name = LaunchScreen.storyboard;
			sourceTree = "<group>";
		};
/* End PBXVariantGroup section */

/* Begin XCBuildConfiguration section */
		55843E9220C8124F00B50751 /* Debug */ = {
			isa = XCBuildConfiguration;
			buildSettings = {
				ALWAYS_SEARCH_USER_PATHS = NO;
				CLANG_ANALYZER_NONNULL = YES;
				CLANG_ANALYZER_NUMBER_OBJECT_CONVERSION = YES_AGGRESSIVE;
				CLANG_CXX_LANGUAGE_STANDARD = "gnu++14";
				CLANG_CXX_LIBRARY = "libc++";
				CLANG_ENABLE_MODULES = YES;
				CLANG_ENABLE_OBJC_ARC = YES;
				CLANG_ENABLE_OBJC_WEAK = YES;
				CLANG_WARN_BLOCK_CAPTURE_AUTORELEASING = YES;
				CLANG_WARN_BOOL_CONVERSION = YES;
				CLANG_WARN_COMMA = YES;
				CLANG_WARN_CONSTANT_CONVERSION = YES;
				CLANG_WARN_DEPRECATED_OBJC_IMPLEMENTATIONS = YES;
				CLANG_WARN_DIRECT_OBJC_ISA_USAGE = YES_ERROR;
				CLANG_WARN_DOCUMENTATION_COMMENTS = YES;
				CLANG_WARN_EMPTY_BODY = YES;
				CLANG_WARN_ENUM_CONVERSION = YES;
				CLANG_WARN_INFINITE_RECURSION = YES;
				CLANG_WARN_INT_CONVERSION = YES;
				CLANG_WARN_NON_LITERAL_NULL_CONVERSION = YES;
				CLANG_WARN_OBJC_IMPLICIT_RETAIN_SELF = YES;
				CLANG_WARN_OBJC_LITERAL_CONVERSION = YES;
				CLANG_WARN_OBJC_ROOT_CLASS = YES_ERROR;
				CLANG_WARN_RANGE_LOOP_ANALYSIS = YES;
				CLANG_WARN_STRICT_PROTOTYPES = YES;
				CLANG_WARN_SUSPICIOUS_MOVE = YES;
				CLANG_WARN_UNGUARDED_AVAILABILITY = YES_AGGRESSIVE;
				CLANG_WARN_UNREACHABLE_CODE = YES;
				CLANG_WARN__DUPLICATE_METHOD_MATCH = YES;
				CODE_SIGN_IDENTITY = "iPhone Developer";
				COPY_PHASE_STRIP = NO;
				DEBUG_INFORMATION_FORMAT = dwarf;
				ENABLE_STRICT_OBJC_MSGSEND = YES;
				ENABLE_TESTABILITY = YES;
				GCC_C_LANGUAGE_STANDARD = gnu11;
				GCC_DYNAMIC_NO_PIC = NO;
				GCC_NO_COMMON_BLOCKS = YES;
				GCC_OPTIMIZATION_LEVEL = 0;
				GCC_PREPROCESSOR_DEFINITIONS = (
					"DEBUG=1",
					"$(inherited)",
				);
				GCC_WARN_64_TO_32_BIT_CONVERSION = YES;
				GCC_WARN_ABOUT_RETURN_TYPE = YES_ERROR;
				GCC_WARN_UNDECLARED_SELECTOR = YES;
				GCC_WARN_UNINITIALIZED_AUTOS = YES_AGGRESSIVE;
				GCC_WARN_UNUSED_FUNCTION = YES;
				GCC_WARN_UNUSED_VARIABLE = YES;
				IPHONEOS_DEPLOYMENT_TARGET = 11.4;
				MTL_ENABLE_DEBUG_INFO = YES;
				ONLY_ACTIVE_ARCH = YES;
				SDKROOT = iphoneos;
				SWIFT_ACTIVE_COMPILATION_CONDITIONS = DEBUG;
				SWIFT_OPTIMIZATION_LEVEL = "-Onone";
			};
			name = Debug;
		};
		55843E9320C8124F00B50751 /* Release */ = {
			isa = XCBuildConfiguration;
			buildSettings = {
				ALWAYS_SEARCH_USER_PATHS = NO;
				CLANG_ANALYZER_NONNULL = YES;
				CLANG_ANALYZER_NUMBER_OBJECT_CONVERSION = YES_AGGRESSIVE;
				CLANG_CXX_LANGUAGE_STANDARD = "gnu++14";
				CLANG_CXX_LIBRARY = "libc++";
				CLANG_ENABLE_MODULES = YES;
				CLANG_ENABLE_OBJC_ARC = YES;
				CLANG_ENABLE_OBJC_WEAK = YES;
				CLANG_WARN_BLOCK_CAPTURE_AUTORELEASING = YES;
				CLANG_WARN_BOOL_CONVERSION = YES;
				CLANG_WARN_COMMA = YES;
				CLANG_WARN_CONSTANT_CONVERSION = YES;
				CLANG_WARN_DEPRECATED_OBJC_IMPLEMENTATIONS = YES;
				CLANG_WARN_DIRECT_OBJC_ISA_USAGE = YES_ERROR;
				CLANG_WARN_DOCUMENTATION_COMMENTS = YES;
				CLANG_WARN_EMPTY_BODY = YES;
				CLANG_WARN_ENUM_CONVERSION = YES;
				CLANG_WARN_INFINITE_RECURSION = YES;
				CLANG_WARN_INT_CONVERSION = YES;
				CLANG_WARN_NON_LITERAL_NULL_CONVERSION = YES;
				CLANG_WARN_OBJC_IMPLICIT_RETAIN_SELF = YES;
				CLANG_WARN_OBJC_LITERAL_CONVERSION = YES;
				CLANG_WARN_OBJC_ROOT_CLASS = YES_ERROR;
				CLANG_WARN_RANGE_LOOP_ANALYSIS = YES;
				CLANG_WARN_STRICT_PROTOTYPES = YES;
				CLANG_WARN_SUSPICIOUS_MOVE = YES;
				CLANG_WARN_UNGUARDED_AVAILABILITY = YES_AGGRESSIVE;
				CLANG_WARN_UNREACHABLE_CODE = YES;
				CLANG_WARN__DUPLICATE_METHOD_MATCH = YES;
				CODE_SIGN_IDENTITY = "iPhone Developer";
				COPY_PHASE_STRIP = NO;
				DEBUG_INFORMATION_FORMAT = "dwarf-with-dsym";
				ENABLE_NS_ASSERTIONS = NO;
				ENABLE_STRICT_OBJC_MSGSEND = YES;
				GCC_C_LANGUAGE_STANDARD = gnu11;
				GCC_NO_COMMON_BLOCKS = YES;
				GCC_WARN_64_TO_32_BIT_CONVERSION = YES;
				GCC_WARN_ABOUT_RETURN_TYPE = YES_ERROR;
				GCC_WARN_UNDECLARED_SELECTOR = YES;
				GCC_WARN_UNINITIALIZED_AUTOS = YES_AGGRESSIVE;
				GCC_WARN_UNUSED_FUNCTION = YES;
				GCC_WARN_UNUSED_VARIABLE = YES;
				IPHONEOS_DEPLOYMENT_TARGET = 11.4;
				MTL_ENABLE_DEBUG_INFO = NO;
				SDKROOT = iphoneos;
				SWIFT_COMPILATION_MODE = wholemodule;
				SWIFT_OPTIMIZATION_LEVEL = "-O";
				VALIDATE_PRODUCT = YES;
			};
			name = Release;
		};
		55843E9520C8124F00B50751 /* Debug */ = {
			isa = XCBuildConfiguration;
			buildSettings = {
				ASSETCATALOG_COMPILER_APPICON_NAME = AppIcon;
				CODE_SIGN_STYLE = Automatic;
				DEVELOPMENT_TEAM = LB83AYN283;
				INFOPLIST_FILE = test/Info.plist;
				LD_RUNPATH_SEARCH_PATHS = (
					"$(inherited)",
					"@executable_path/Frameworks",
				);
				PRODUCT_BUNDLE_IDENTIFIER = dramamedia.test;
				PRODUCT_NAME = "$(TARGET_NAME)";
				SWIFT_VERSION = 4.0;
				TARGETED_DEVICE_FAMILY = "1,2";
			};
			name = Debug;
		};
		55843E9620C8124F00B50751 /* Release */ = {
			isa = XCBuildConfiguration;
			buildSettings = {
				ASSETCATALOG_COMPILER_APPICON_NAME = AppIcon;
				CODE_SIGN_STYLE = Automatic;
				DEVELOPMENT_TEAM = LB83AYN283;
				INFOPLIST_FILE = test/Info.plist;
				LD_RUNPATH_SEARCH_PATHS = (
					"$(inherited)",
					"@executable_path/Frameworks",
				);
				PRODUCT_BUNDLE_IDENTIFIER = dramamedia.test;
				PRODUCT_NAME = "$(TARGET_NAME)";
				SWIFT_VERSION = 4.0;
				TARGETED_DEVICE_FAMILY = "1,2";
			};
			name = Release;
		};
		55843E9820C8124F00B50751 /* Debug */ = {
			isa = XCBuildConfiguration;
			buildSettings = {
				ALWAYS_EMBED_SWIFT_STANDARD_LIBRARIES = YES;
				BUNDLE_LOADER = "$(TEST_HOST)";
				CODE_SIGN_STYLE = Automatic;
				DEVELOPMENT_TEAM = LB83AYN283;
				INFOPLIST_FILE = testTests/Info.plist;
				LD_RUNPATH_SEARCH_PATHS = (
					"$(inherited)",
					"@executable_path/Frameworks",
					"@loader_path/Frameworks",
				);
				PRODUCT_BUNDLE_IDENTIFIER = dramamedia.testTests;
				PRODUCT_NAME = "$(TARGET_NAME)";
				SWIFT_VERSION = 4.0;
				TARGETED_DEVICE_FAMILY = "1,2";
				TEST_HOST = "$(BUILT_PRODUCTS_DIR)/test.app/test";
			};
			name = Debug;
		};
		55843E9920C8124F00B50751 /* Release */ = {
			isa = XCBuildConfiguration;
			buildSettings = {
				ALWAYS_EMBED_SWIFT_STANDARD_LIBRARIES = YES;
				BUNDLE_LOADER = "$(TEST_HOST)";
				CODE_SIGN_STYLE = Automatic;
				DEVELOPMENT_TEAM = LB83AYN283;
				INFOPLIST_FILE = testTests/Info.plist;
				LD_RUNPATH_SEARCH_PATHS = (
					"$(inherited)",
					"@executable_path/Frameworks",
					"@loader_path/Frameworks",
				);
				PRODUCT_BUNDLE_IDENTIFIER = dramamedia.testTests;
				PRODUCT_NAME = "$(TARGET_NAME)";
				SWIFT_VERSION = 4.0;
				TARGETED_DEVICE_FAMILY = "1,2";
				TEST_HOST = "$(BUILT_PRODUCTS_DIR)/test.app/test";
			};
			name = Release;
		};
		55843E9B20C8124F00B50751 /* Debug */ = {
			isa = XCBuildConfiguration;
			buildSettings = {
				ALWAYS_EMBED_SWIFT_STANDARD_LIBRARIES = YES;
				CODE_SIGN_STYLE = Automatic;
				DEVELOPMENT_TEAM = LB83AYN283;
				INFOPLIST_FILE = testUITests/Info.plist;
				LD_RUNPATH_SEARCH_PATHS = (
					"$(inherited)",
					"@executable_path/Frameworks",
					"@loader_path/Frameworks",
				);
				PRODUCT_BUNDLE_IDENTIFIER = dramamedia.testUITests;
				PRODUCT_NAME = "$(TARGET_NAME)";
				SWIFT_VERSION = 4.0;
				TARGETED_DEVICE_FAMILY = "1,2";
				TEST_TARGET_NAME = test;
			};
			name = Debug;
		};
		55843E9C20C8124F00B50751 /* Release */ = {
			isa = XCBuildConfiguration;
			buildSettings = {
				ALWAYS_EMBED_SWIFT_STANDARD_LIBRARIES = YES;
				CODE_SIGN_STYLE = Automatic;
				DEVELOPMENT_TEAM = LB83AYN283;
				INFOPLIST_FILE = testUITests/Info.plist;
				LD_RUNPATH_SEARCH_PATHS = (
					"$(inherited)",
					"@executable_path/Frameworks",
					"@loader_path/Frameworks",
				);
				PRODUCT_BUNDLE_IDENTIFIER = dramamedia.testUITests;
				PRODUCT_NAME = "$(TARGET_NAME)";
				SWIFT_VERSION = 4.0;
				TARGETED_DEVICE_FAMILY = "1,2";
				TEST_TARGET_NAME = test;
			};
			name = Release;
		};
/* End XCBuildConfiguration section */

/* Begin XCConfigurationList section */
		55843E6720C8124D00B50751 /* Build configuration list for PBXProject "test" */ = {
			isa = XCConfigurationList;
			buildConfigurations = (
				55843E9220C8124F00B50751 /* Debug */,
				55843E9320C8124F00B50751 /* Release */,
			);
			defaultConfigurationIsVisible = 0;
			defaultConfigurationName = Release;
		};
		55843E9420C8124F00B50751 /* Build configuration list for PBXNativeTarget "test" */ = {
			isa = XCConfigurationList;
			buildConfigurations = (
				55843E9520C8124F00B50751 /* Debug */,
				55843E9620C8124F00B50751 /* Release */,
			);
			defaultConfigurationIsVisible = 0;
			defaultConfigurationName = Release;
		};
		55843E9720C8124F00B50751 /* Build configuration list for PBXNativeTarget "testTests" */ = {
			isa = XCConfigurationList;
			buildConfigurations = (
				55843E9820C8124F00B50751 /* Debug */,
				55843E9920C8124F00B50751 /* Release */,
			);
			defaultConfigurationIsVisible = 0;
			defaultConfigurationName = Release;
		};
		55843E9A20C8124F00B50751 /* Build configuration list for PBXNativeTarget "testUITests" */ = {
			isa = XCConfigurationList;
			buildConfigurations = (
				55843E9B20C8124F00B50751 /* Debug */,
				55843E9C20C8124F00B50751 /* Release */,
			);
			defaultConfigurationIsVisible = 0;
			defaultConfigurationName = Release;
		};
/* End XCConfigurationList section */
	};
	rootObject = 55843E6420C8124D00B50751 /* Project object */;
}
